<?xml version="1.0" encoding="utf-8"?>
<Project ToolsVersion="4.0" xmlns="http://schemas.microsoft.com/developer/msbuild/2003">
  <ItemGroup>
    <Filter Include="Source Files">
      <UniqueIdentifier>{4FC737F1-C7A5-4376-A066-2A32D752A2FF}</UniqueIdentifier>
      <Extensions>cpp;c;cc;cxx;c++;cppm;ixx;def;odl;idl;hpj;bat;asm;asmx</Extensions>
    </Filter>
    <Filter Include="Header Files">
      <UniqueIdentifier>{93995380-89BD-4b04-88EB-625FBE52EBFB}</UniqueIdentifier>
      <Extensions>h;hh;hpp;hxx;h++;hm;inl;inc;ipp;xsd</Extensions>
    </Filter>
    <Filter Include="Resource Files">
      <UniqueIdentifier>{67DA6AB6-F800-4c08-8B7A-83BB121AAD01}</UniqueIdentifier>
      <Extensions>rc;ico;cur;bmp;dlg;rc2;rct;bin;rgs;gif;jpg;jpeg;jpe;resx;tiff;tif;png;wav;mfcribbon-ms</Extensions>
    </Filter>
    <Filter Include="Header Files\Libs">
      <UniqueIdentifier>{5995b5e6-3052-49fc-8fb7-96fd25935d34}</UniqueIdentifier>
    </Filter>
  </ItemGroup>
  <ItemGroup>
    <ClCompile Include="c++c7.cpp">
      <Filter>Source Files</Filter>
    </ClCompile>
    <ClCompile Include="clsEmployee.cpp">
      <Filter>Source Files</Filter>
    </ClCompile>
    <ClCompile Include="clsUtil.cpp">
      <Filter>Source Files</Filter>
    </ClCompile>
    <ClCompile Include="clsInputValidate.cpp">
      <Filter>Source Files</Filter>
    </ClCompile>
    <ClCompile Include="clsClintbank.cpp">
      <Filter>Source Files</Filter>
    </ClCompile>
    <ClCompile Include="Person.cpp">
      <Filter>Source Files</Filter>
    </ClCompile>
    <ClCompile Include="main.cpp">
      <Filter>Source Files</Filter>
    </ClCompile>
    <ClCompile Include="clsMainScreen.cpp">
      <Filter>Source Files</Filter>
    </ClCompile>
    <ClCompile Include="clsScreen.cpp">
      <Filter>Source Files</Filter>
    </ClCompile>
    <ClCompile Include="clslist.cpp">
      <Filter>Source Files</Filter>
    </ClCompile>
    <ClCompile Include="clsAddnew.cpp">
      <Filter>Source Files</Filter>
    </ClCompile>
    <ClCompile Include="clsDelete.cpp">
      <Filter>Source Files</Filter>
    </ClCompile>
    <ClCompile Include="clsUpdate.cpp">
      <Filter>Source Files</Filter>
    </ClCompile>
    <ClCompile Include="clsFind.cpp">
      <Filter>Source Files</Filter>
    </ClCompile>
    <ClCompile Include="clstransaction.cpp">
      <Filter>Source Files</Filter>
    </ClCompile>
    <ClCompile Include="clsdedeposite.cpp">
      <Filter>Source Files</Filter>
    </ClCompile>
    <ClCompile Include="clswithdraw.cpp">
      <Filter>Source Files</Filter>
    </ClCompile>
    <ClCompile Include="clstotalbalnces.cpp">
      <Filter>Source Files</Filter>
    </ClCompile>
    <ClCompile Include="clsManageUsers.cpp">
      <Filter>Source Files</Filter>
    </ClCompile>
    <ClCompile Include="clsUsers.cpp">
      <Filter>Source Files</Filter>
    </ClCompile>
    <ClCompile Include="clsUserList.cpp">
      <Filter>Source Files</Filter>
    </ClCompile>
    <ClCompile Include="clsAddNewUser.cpp">
      <Filter>Source Files</Filter>
    </ClCompile>
    <ClCompile Include="clsdeleteuser.cpp">
      <Filter>Source Files</Filter>
    </ClCompile>
    <ClCompile Include="clsUpdateuser.cpp">
      <Filter>Source Files</Filter>
    </ClCompile>
    <ClCompile Include="clsFindUser.cpp">
      <Filter>Source Files</Filter>
    </ClCompile>
    <ClCompile Include="clsLogin.cpp">
      <Filter>Source Files</Filter>
    </ClCompile>
    <ClCompile Include="clsdate.cpp">
      <Filter>Source Files</Filter>
    </ClCompile>
    <ClCompile Include="clsTransfer.cpp">
      <Filter>Source Files</Filter>
    </ClCompile>
    <ClCompile Include="clsCurancy.cpp">
      <Filter>Source Files</Filter>
    </ClCompile>
    <ClCompile Include="clscurrancymain.cpp">
      <Filter>Source Files</Filter>
    </ClCompile>
    <ClCompile Include="clsListcurrancy.cpp">
      <Filter>Source Files</Filter>
    </ClCompile>
    <ClCompile Include="clsFindcurrancy.cpp">
      <Filter>Source Files</Filter>
    </ClCompile>
    <ClCompile Include="clsupdatecuranccy.cpp">
      <Filter>Source Files</Filter>
    </ClCompile>
    <ClCompile Include="clsconvertcurrncy.cpp">
      <Filter>Source Files</Filter>
    </ClCompile>
    <ClCompile Include="clsReadytologin.cpp">
      <Filter>Source Files</Filter>
    </ClCompile>
    <ClCompile Include="clsaddnewclient.cpp">
      <Filter>Source Files</Filter>
    </ClCompile>
    <ClCompile Include="clsUserLogin.cpp">
      <Filter>Source Files</Filter>
    </ClCompile>
    <ClCompile Include="clsClientsmainmenu.cpp">
      <Filter>Source Files</Filter>
    </ClCompile>
    <ClCompile Include="clsUsermainscreen.cpp">
      <Filter>Source Files</Filter>
    </ClCompile>
    <ClCompile Include="clsUserlfah.cpp">
      <Filter>Source Files</Filter>
    </ClCompile>
    <ClCompile Include="ClientBalance.cpp">
      <Filter>Source Files</Filter>
    </ClCompile>
    <ClCompile Include="ClsClient.cpp">
      <Filter>Source Files</Filter>
    </ClCompile>
    <ClCompile Include="Globl.cpp">
      <Filter>Header Files</Filter>
    </ClCompile>
  </ItemGroup>
  <ItemGroup>
    <ClInclude Include="clsString.h">
      <Filter>Header Files</Filter>
    </ClInclude>
    <ClInclude Include="clsUtil.h">
      <Filter>Header Files</Filter>
    </ClInclude>
    <ClInclude Include="clsInputValidate.h">
      <Filter>Header Files</Filter>
    </ClInclude>
    <ClInclude Include="clsClintbank.h">
      <Filter>Header Files</Filter>
    </ClInclude>
    <ClInclude Include="Person.h">
      <Filter>Header Files</Filter>
    </ClInclude>
    <ClInclude Include="resource.h">
      <Filter>Header Files</Filter>
    </ClInclude>
    <ClInclude Include="clsMainScreen.h">
      <Filter>Header Files</Filter>
    </ClInclude>
    <ClInclude Include="clsScreen.h">
      <Filter>Header Files</Filter>
    </ClInclude>
    <ClInclude Include="clsList.h">
      <Filter>Header Files</Filter>
    </ClInclude>
    <ClInclude Include="clsAddnew.h">
      <Filter>Header Files</Filter>
    </ClInclude>
    <ClInclude Include="clsDelete.h">
      <Filter>Header Files</Filter>
    </ClInclude>
    <ClInclude Include="clsUpdate.h">
      <Filter>Header Files</Filter>
    </ClInclude>
    <ClInclude Include="clsFind.h">
      <Filter>Header Files</Filter>
    </ClInclude>
    <ClInclude Include="clstransaction.h">
      <Filter>Header Files</Filter>
    </ClInclude>
    <ClInclude Include="clsdedeposite.h">
      <Filter>Header Files</Filter>
    </ClInclude>
    <ClInclude Include="clswithdraw.h">
      <Filter>Header Files</Filter>
    </ClInclude>
    <ClInclude Include="clstotalbalnces.h">
      <Filter>Header Files</Filter>
    </ClInclude>
    <ClInclude Include="clsManageUsers.h">
      <Filter>Header Files</Filter>
    </ClInclude>
    <ClInclude Include="clsUsers.h">
      <Filter>Header Files</Filter>
    </ClInclude>
    <ClInclude Include="clsUserList.h">
      <Filter>Header Files</Filter>
    </ClInclude>
    <ClInclude Include="clsAddNewUser.h">
      <Filter>Header Files</Filter>
    </ClInclude>
    <ClInclude Include="clsdeleteuser.h">
      <Filter>Header Files</Filter>
    </ClInclude>
    <ClInclude Include="clsUpdateuser.h">
      <Filter>Header Files</Filter>
    </ClInclude>
    <ClInclude Include="clsFindUser.h">
      <Filter>Header Files</Filter>
    </ClInclude>
    <ClInclude Include="clsLogin.h">
      <Filter>Header Files</Filter>
    </ClInclude>
    <ClInclude Include="Globl.h">
      <Filter>Header Files</Filter>
    </ClInclude>
    <ClInclude Include="clsusersrig.h">
      <Filter>Header Files</Filter>
    </ClInclude>
    <ClInclude Include="clsTransfer.h">
      <Filter>Header Files</Filter>
    </ClInclude>
    <ClInclude Include="clstransationlog.h">
      <Filter>Header Files</Filter>
    </ClInclude>
    <ClInclude Include="clsCurancy.h">
      <Filter>Header Files</Filter>
    </ClInclude>
    <ClInclude Include="clscurrancymain.h">
      <Filter>Header Files</Filter>
    </ClInclude>
    <ClInclude Include="clsListcurrancy.h">
      <Filter>Header Files</Filter>
    </ClInclude>
    <ClInclude Include="clsFindcurrancy.h">
      <Filter>Header Files</Filter>
    </ClInclude>
    <ClInclude Include="clsupdatecuranccy.h">
      <Filter>Header Files</Filter>
    </ClInclude>
    <ClInclude Include="clsconvertcurrncy.h">
      <Filter>Header Files</Filter>
    </ClInclude>
    <ClInclude Include="clsDate.h">
      <Filter>Header Files\Libs</Filter>
    </ClInclude>
    <ClInclude Include="clsReadytologin.h">
      <Filter>Header Files</Filter>
    </ClInclude>
    <ClInclude Include="clsclientlogin.h">
      <Filter>Header Files</Filter>
    </ClInclude>
    <ClInclude Include="clsUserLogin.h">
      <Filter>Header Files</Filter>
    </ClInclude>
    <ClInclude Include="clsClientsmainmenu.h">
      <Filter>Header Files</Filter>
    </ClInclude>
    <ClInclude Include="clsUsermain.h">
      <Filter>Header Files</Filter>
    </ClInclude>
    <ClInclude Include="clsUserlfah.h">
      <Filter>Header Files</Filter>
    </ClInclude>
    <ClInclude Include="ClientBalance.h">
      <Filter>Header Files</Filter>
    </ClInclude>
    <ClInclude Include="ClsLoginClient.h">
      <Filter>Header Files</Filter>
    </ClInclude>
  </ItemGroup>
  <ItemGroup>
    <ResourceCompile Include="c++c7.rc">
      <Filter>Resource Files</Filter>
    </ResourceCompile>
  </ItemGroup>
</Project>